{
  "name": "client",
  "version": "1.0.0",
  "lockfileVersion": 1,
  "requires": true,
  "dependencies": {
    "@fortawesome/fontawesome-free": {
      "version": "5.2.0",
      "resolved": "https://registry.npmjs.org/@fortawesome/fontawesome-free/-/fontawesome-free-5.2.0.tgz",
      "integrity": "sha512-4pgStJx9UmydKc7wwF6Xjw4dFqzUnQejeuP2aUNHWazayWbmMbrx5rieN9+oob4bUwkf1thS3am0Ko+uhFHpNA=="
    },
    "@uirouter/core": {
      "version": "5.0.21",
      "resolved": "https://registry.npmjs.org/@uirouter/core/-/core-5.0.21.tgz",
      "integrity": "sha512-QWHc0wT00qtYNkT0BXZaFNLLHZyux0qJjF8c2WklW5/Q0Z866NoJjJErEMWjQb/AR+olkR2NlfEEi8KTQU2OpA=="
    },
    "angular": {
      "version": "1.6.1",
      "resolved": "https://registry.npmjs.org/angular/-/angular-1.6.1.tgz",
      "integrity": "sha1-p7bXY6dMFXMlaSYZ6XJX5p2baic="
    },
    "angular-animate": {
      "version": "1.6.1",
      "resolved": "https://registry.npmjs.org/angular-animate/-/angular-animate-1.6.1.tgz",
      "integrity": "sha1-GeO4K3OS4rvdg68zwK8NhUN/OhQ="
    },
    "angular-chart.js": {
      "version": "1.1.1",
      "resolved": "https://registry.npmjs.org/angular-chart.js/-/angular-chart.js-1.1.1.tgz",
      "integrity": "sha1-SfDhjQgXYrbUyXkeSHr/L7sw9a4=",
      "requires": {
        "angular": "1.6.1",
        "chart.js": "2.3.0"
      }
    },
    "angular-drag-and-drop-lists": {
      "version": "2.1.0",
      "resolved": "https://registry.npmjs.org/angular-drag-and-drop-lists/-/angular-drag-and-drop-lists-2.1.0.tgz",
      "integrity": "sha1-2hDMhcgEJR+6qoTYN/c4D7DNeA8="
    },
    "angular-loading-bar": {
      "version": "0.9.0",
      "resolved": "https://registry.npmjs.org/angular-loading-bar/-/angular-loading-bar-0.9.0.tgz",
      "integrity": "sha1-N+9Swl8QLCFuezzf0vxaXflijkU="
    },
    "angular-recaptcha": {
      "version": "4.2.0",
      "resolved": "https://registry.npmjs.org/angular-recaptcha/-/angular-recaptcha-4.2.0.tgz",
      "integrity": "sha512-PZ4VsUiNKNqaGqCpTAEwyAWUNF0w7xFulMf3ajJVym7bidxPEi5py1jQdxj4LFIWUxoA7XPan4sJMK4UeB8Srg=="
    },
    "angular-sanitize": {
      "version": "1.6.1",
      "resolved": "https://registry.npmjs.org/angular-sanitize/-/angular-sanitize-1.6.1.tgz",
      "integrity": "sha1-ys/+wxme1mKXr7se82bsZmFrOz8="
    },
    "angular-translate": {
      "version": "2.18.1",
      "resolved": "https://registry.npmjs.org/angular-translate/-/angular-translate-2.18.1.tgz",
      "integrity": "sha512-Mw0kFBqsv5j8ItL9IhRZunIlVmIRW6iFsiTmRs9wGr2QTt8z4rehYlWyHos8qnXc/kyOYJiW50iH50CSNHGB9A==",
      "requires": {
        "angular": "1.6.1"
      }
    },
    "angular-ui-bootstrap": {
      "version": "2.5.6",
      "resolved": "https://registry.npmjs.org/angular-ui-bootstrap/-/angular-ui-bootstrap-2.5.6.tgz",
      "integrity": "sha512-yzcHpPMLQl0232nDzm5P4iAFTFQ9dMw0QgFLuKYbDj9M0xJ62z0oudYD/Lvh1pWfRsukiytP4Xj6BHOSrSXP8A=="
    },
    "angular-ui-codemirror": {
      "version": "0.3.0",
      "resolved": "https://registry.npmjs.org/angular-ui-codemirror/-/angular-ui-codemirror-0.3.0.tgz",
      "integrity": "sha1-5ChvxQ85PypuaXwb8xcEJOEsu2A="
    },
    "angular-ui-router": {
      "version": "1.0.20",
      "resolved": "https://registry.npmjs.org/angular-ui-router/-/angular-ui-router-1.0.20.tgz",
      "integrity": "sha512-D9Y+qOq6StinrlyeiHp7wbOBL5UbwaHW1dgpfQZ6fWuQ5Q5UOrJfe3S28XWDt8ybOKaUh2ds/IFXib5vCu8Opg==",
      "requires": {
        "@uirouter/core": "5.0.21"
      }
    },
    "angularjs-slider": {
      "version": "6.7.0",
      "resolved": "https://registry.npmjs.org/angularjs-slider/-/angularjs-slider-6.7.0.tgz",
      "integrity": "sha512-Cizsuax65wN2Y+htmA3safE5ALOSCyWcKyWkziaO8vCVymi26bQQs6kKDhkYc8GFix/KE7Oc9gH3QLlTUgD38w=="
    },
    "bootstrap": {
      "version": "3.3.7",
      "resolved": "https://registry.npmjs.org/bootstrap/-/bootstrap-3.3.7.tgz",
      "integrity": "sha1-WjiTlFSfIzMIdaOxUGVldPip63E="
    },
    "bootstrap-daterangepicker": {
      "version": "3.0.3",
      "resolved": "https://registry.npmjs.org/bootstrap-daterangepicker/-/bootstrap-daterangepicker-3.0.3.tgz",
      "integrity": "sha512-RJ0iOpVornF/6bf+L1jzPr95MoPM7zp3MILtNZ7ADu5RZFoMznHD4GbPu3URkPhcPABA2RqMnhk/CvO7iyNBtw==",
      "requires": {
        "jquery": "3.3.1",
        "moment": "2.18.1"
      }
    },
    "bootstrap-select": {
      "version": "1.13.5",
      "resolved": "https://registry.npmjs.org/bootstrap-select/-/bootstrap-select-1.13.5.tgz",
      "integrity": "sha512-1uYsYLB4FvGdwM6qzIfTxp6sP5gDqjPgWNHJztBfYUTIo1GUYG5zzmMVWiJvdxJlsvBXZ9AObmeZdzi0eg2jaA=="
    },
    "chart.js": {
      "version": "2.3.0",
      "resolved": "https://registry.npmjs.org/chart.js/-/chart.js-2.3.0.tgz",
      "integrity": "sha1-QEYOSOLEF8BfwzJc2E97AA3H19Y=",
      "requires": {
        "chartjs-color": "2.3.0",
        "moment": "2.18.1"
      }
    },
    "chartjs-color": {
      "version": "2.3.0",
      "resolved": "https://registry.npmjs.org/chartjs-color/-/chartjs-color-2.3.0.tgz",
      "integrity": "sha512-hEvVheqczsoHD+fZ+tfPUE+1+RbV6b+eksp2LwAhwRTVXEjCSEavvk+Hg3H6SZfGlPh/UfmWKGIvZbtobOEm3g==",
      "requires": {
        "chartjs-color-string": "0.6.0",
        "color-convert": "0.5.3"
      }
    },
    "chartjs-color-string": {
      "version": "0.6.0",
      "resolved": "https://registry.npmjs.org/chartjs-color-string/-/chartjs-color-string-0.6.0.tgz",
      "integrity": "sha512-TIB5OKn1hPJvO7JcteW4WY/63v6KwEdt6udfnDE9iCAZgy+V4SrbSxoIbTw/xkUIapjEI4ExGtD0+6D3KyFd7A==",
      "requires": {
        "color-name": "1.1.4"
      }
    },
    "codemirror": {
      "version": "5.28.0",
      "resolved": "https://registry.npmjs.org/codemirror/-/codemirror-5.28.0.tgz",
      "integrity": "sha512-E/Z6050shti9v9ivl0dUClVRM4xaH204jsJmEpNYC6KDTlQwAz+5DdhLzn0tjaL/Mp1P0J1uhZokcSP2RFSwlA=="
    },
    "color-convert": {
      "version": "0.5.3",
      "resolved": "https://registry.npmjs.org/color-convert/-/color-convert-0.5.3.tgz",
      "integrity": "sha1-vbbGnOZg+t/+CwAHzER+G59ygr0="
    },
    "color-name": {
      "version": "1.1.4",
      "resolved": "https://registry.npmjs.org/color-name/-/color-name-1.1.4.tgz",
      "integrity": "sha512-dOy+3AuW3a2wNbZHIuMZpTcgjGuLU/uBL/ubcZF9OXbDo8ff4O8yVp5Bf0efS8uEoYo5q4Fx7dY9OgQGXgAsQA=="
    },
    "emitter-component": {
      "version": "1.1.1",
      "resolved": "https://registry.npmjs.org/emitter-component/-/emitter-component-1.1.1.tgz",
      "integrity": "sha1-Bl4tvtaVm/RwZ57avq95gdEAOrY="
    },
    "hammerjs": {
      "version": "2.0.8",
      "resolved": "https://registry.npmjs.org/hammerjs/-/hammerjs-2.0.8.tgz",
      "integrity": "sha1-BO93hiz/K7edMPdpIJWTAiK/YPE="
    },
    "isteven-angular-multiselect": {
      "version": "4.0.0",
      "resolved": "https://registry.npmjs.org/isteven-angular-multiselect/-/isteven-angular-multiselect-4.0.0.tgz",
      "integrity": "sha1-cCdtpf87xNmgiH3Fhe4moaJqjtY="
    },
    "jquery": {
      "version": "3.3.1",
      "resolved": "https://registry.npmjs.org/jquery/-/jquery-3.3.1.tgz",
      "integrity": "sha512-Ubldcmxp5np52/ENotGxlLe6aGMvmF4R8S6tZjsP6Knsaxd/xp3Zrh50cG93lR6nPXyUFwzN3ZSOQI0wRJNdGg=="
    },
    "jquery-mask-plugin": {
      "version": "1.14.11",
      "resolved": "https://registry.npmjs.org/jquery-mask-plugin/-/jquery-mask-plugin-1.14.11.tgz",
      "integrity": "sha1-V7pZhBavbqe6kzbqyyob8O27ods="
    },
    "keycharm": {
      "version": "0.2.0",
      "resolved": "https://registry.npmjs.org/keycharm/-/keycharm-0.2.0.tgz",
      "integrity": "sha1-+m6i5DuQpoAohD0n8gddNajD5vk="
    },
    "moment": {
      "version": "2.18.1",
      "resolved": "https://registry.npmjs.org/moment/-/moment-2.18.1.tgz",
      "integrity": "sha1-w2GT3Tzhwu7SrbfIAtu8d6gbHA8="
    },
    "ng-tags-input": {
      "version": "3.2.0",
      "resolved": "https://registry.npmjs.org/ng-tags-input/-/ng-tags-input-3.2.0.tgz",
      "integrity": "sha1-kSgt5XUTDIq3lHl/6/CXKw87uj4="
    },
    "propagating-hammerjs": {
      "version": "1.4.6",
      "resolved": "https://registry.npmjs.org/propagating-hammerjs/-/propagating-hammerjs-1.4.6.tgz",
      "integrity": "sha1-/tAOmwB2f/1C0U9bUxvEk+tnLjc=",
      "requires": {
        "hammerjs": "2.0.8"
      }
    },
    "slick-carousel": {
      "version": "1.8.1",
      "resolved": "https://registry.npmjs.org/slick-carousel/-/slick-carousel-1.8.1.tgz",
      "integrity": "sha512-XB9Ftrf2EEKfzoQXt3Nitrt/IPbT+f1fgqBdoxO3W/+JYvtEOW6EgxnWfr9GH6nmULv7Y2tPmEX3koxThVmebA=="
    },
    "summernote": {
      "version": "0.8.10",
      "resolved": "https://registry.npmjs.org/summernote/-/summernote-0.8.10.tgz",
      "integrity": "sha512-1b4ESCiY9HW+12HYXCntjbThVgeYNaYKfKL7pC4Jqjo/WDS4G4mMtd2kPuCw56HxeRT67d+zlehopaE+M4o6aQ=="
    },
    "ui-select": {
      "version": "0.19.8",
      "resolved": "https://registry.npmjs.org/ui-select/-/ui-select-0.19.8.tgz",
      "integrity": "sha1-dIYISKf9i8SU2YVtL2J3bqmGN8E="
    },
    "vis": {
      "version": "4.21.0",
      "resolved": "https://registry.npmjs.org/vis/-/vis-4.21.0.tgz",
      "integrity": "sha1-3XFji/9/ZJXQC8n0DCU1JhM97Ws=",
      "requires": {
        "emitter-component": "1.1.1",
        "hammerjs": "2.0.8",
        "keycharm": "0.2.0",
        "moment": "2.18.1",
        "propagating-hammerjs": "1.4.6"
      }
    }
  }
}
